
Microsoft Visual Studio Solution File, Format Version 12.00
# Visual Studio Version 16
VisualStudioVersion = 16.0.30225.117
MinimumVisualStudioVersion = 10.0.40219.1
Project("{9A19103F-16F7-4668-BE54-9A1E7A4F7556}") = "ShapesAreaCalculatorLibrary", "ShapesAreaCalculatorLibrary\ShapesAreaCalculatorLibrary.csproj", "{3FE860B0-11D0-4EFA-9D69-24F14068AE68}"
EndProject
Project("{9A19103F-16F7-4668-BE54-9A1E7A4F7556}") = "ShapesAreaCalculatorTests", "ShapesAreaCalculatorTests\ShapesAreaCalculatorTests.csproj", "{DB8235F0-67FE-4E76-B63F-4F66A75C80E5}"
EndProject
Global
	GlobalSection(SolutionConfigurationPlatforms) = preSolution
		Debug|Any CPU = Debug|Any CPU
		Release|Any CPU = Release|Any CPU
	EndGlobalSection
	GlobalSection(ProjectConfigurationPlatforms) = postSolution
		{3FE860B0-11D0-4EFA-9D69-24F14068AE68}.Debug|Any CPU.ActiveCfg = Debug|Any CPU
		{3FE860B0-11D0-4EFA-9D69-24F14068AE68}.Debug|Any CPU.Build.0 = Debug|Any CPU
		{3FE860B0-11D0-4EFA-9D69-24F14068AE68}.Release|Any CPU.ActiveCfg = Release|Any CPU
		{3FE860B0-11D0-4EFA-9D69-24F14068AE68}.Release|Any CPU.Build.0 = Release|Any CPU
		{DB8235F0-67FE-4E76-B63F-4F66A75C80E5}.Debug|Any CPU.ActiveCfg = Debug|Any CPU
		{DB8235F0-67FE-4E76-B63F-4F66A75C80E5}.Debug|Any CPU.Build.0 = Debug|Any CPU
		{DB8235F0-67FE-4E76-B63F-4F66A75C80E5}.Release|Any CPU.ActiveCfg = Release|Any CPU
		{DB8235F0-67FE-4E76-B63F-4F66A75C80E5}.Release|Any CPU.Build.0 = Release|Any CPU
	EndGlobalSection
	GlobalSection(SolutionProperties) = preSolution
		HideSolutionNode = FALSE
	EndGlobalSection
	GlobalSection(ExtensibilityGlobals) = postSolution
		SolutionGuid = {33921C2C-9CED-4BCB-8CD2-1FCDB22B2451}
	EndGlobalSection
EndGlobal
